
Microsoft Visual Studio Solution File, Format Version 12.00
# Visual Studio Version 17
VisualStudioVersion = 17.1.32414.318
MinimumVisualStudioVersion = 10.0.40219.1
Project("{FAE04EC0-301F-11D3-BF4B-00C04F79EFBC}") = "Estacionamento", "Estacionamento\Estacionamento.csproj", "{F69764E9-59BE-4727-8646-3FAC34245C7C}"
EndProject
Global
	GlobalSection(SolutionConfigurationPlatforms) = preSolution
		Debug|Any CPU = Debug|Any CPU
		Release|Any CPU = Release|Any CPU
	EndGlobalSection
	GlobalSection(ProjectConfigurationPlatforms) = postSolution
		{F69764E9-59BE-4727-8646-3FAC34245C7C}.Debug|Any CPU.ActiveCfg = Debug|Any CPU
		{F69764E9-59BE-4727-8646-3FAC34245C7C}.Debug|Any CPU.Build.0 = Debug|Any CPU
		{F69764E9-59BE-4727-8646-3FAC34245C7C}.Release|Any CPU.ActiveCfg = Release|Any CPU
		{F69764E9-59BE-4727-8646-3FAC34245C7C}.Release|Any CPU.Build.0 = Release|Any CPU
	EndGlobalSection
	GlobalSection(SolutionProperties) = preSolution
		HideSolutionNode = FALSE
	EndGlobalSection
	GlobalSection(ExtensibilityGlobals) = postSolution
		SolutionGuid = {F109C0EE-9C7D-4F41-B48B-F0E631B9F59B}
	EndGlobalSection
EndGlobal
